
Microsoft Visual Studio Solution File, Format Version 12.00
# Visual Studio Version 16
VisualStudioVersion = 16.0.28922.388
MinimumVisualStudioVersion = 10.0.40219.1
Project("{FAE04EC0-301F-11D3-BF4B-00C04F79EFBC}") = "finalProject", "finalProject\finalProject.csproj", "{32548E77-F817-441B-A420-4F1DF57E17DB}"
EndProject
Global
	GlobalSection(SolutionConfigurationPlatforms) = preSolution
		Debug|Any CPU = Debug|Any CPU
		Release|Any CPU = Release|Any CPU
	EndGlobalSection
	GlobalSection(ProjectConfigurationPlatforms) = postSolution
		{32548E77-F817-441B-A420-4F1DF57E17DB}.Debug|Any CPU.ActiveCfg = Debug|Any CPU
		{32548E77-F817-441B-A420-4F1DF57E17DB}.Debug|Any CPU.Build.0 = Debug|Any CPU
		{32548E77-F817-441B-A420-4F1DF57E17DB}.Release|Any CPU.ActiveCfg = Release|Any CPU
		{32548E77-F817-441B-A420-4F1DF57E17DB}.Release|Any CPU.Build.0 = Release|Any CPU
	EndGlobalSection
	GlobalSection(SolutionProperties) = preSolution
		HideSolutionNode = FALSE
	EndGlobalSection
	GlobalSection(ExtensibilityGlobals) = postSolution
		SolutionGuid = {4EDEAC81-1243-4E81-92BF-2E9376BC1A6B}
	EndGlobalSection
EndGlobal
